{
  "requires": true,
  "lockfileVersion": 1,
  "dependencies": {
    "get-sheet-done": {
      "version": "0.1.5",
      "resolved": "https://registry.npmjs.org/get-sheet-done/-/get-sheet-done-0.1.5.tgz",
      "integrity": "sha512-fV4VT+8Z4zCKWMAsIcVed72BOJ4oFeyNzFd6CLW5e7sIA8wZPrTjif9wqXTbePv6U7ufowDQZ0U53R7YE1qF6w=="
    }
  }
}
